// !$*UTF8*$!
{
	archiveVersion = 1;
	classes = {
	};
	objectVersion = 46;
	objects = {

/* Begin PBXBuildFile section */
		040F35241E8B5F1900BF2D39 /* CheckInternet.swift in Sources */ = {isa = PBXBuildFile; fileRef = 040F35231E8B5F1900BF2D39 /* CheckInternet.swift */; };
		040F35261E8B5F4B00BF2D39 /* ServicesInstance.swift in Sources */ = {isa = PBXBuildFile; fileRef = 040F35251E8B5F4B00BF2D39 /* ServicesInstance.swift */; };
		041F37711E896B280037940B /* FirDialog.swift in Sources */ = {isa = PBXBuildFile; fileRef = 041F37701E896B280037940B /* FirDialog.swift */; };
		04C7FA2E1E88E67800A2671C /* ComponentType.swift in Sources */ = {isa = PBXBuildFile; fileRef = 04C7FA231E88E67800A2671C /* ComponentType.swift */; };
		04C7FA2F1E88E67800A2671C /* Facility.swift in Sources */ = {isa = PBXBuildFile; fileRef = 04C7FA241E88E67800A2671C /* Facility.swift */; };
		04C7FA301E88E67800A2671C /* FacilityType.swift in Sources */ = {isa = PBXBuildFile; fileRef = 04C7FA251E88E67800A2671C /* FacilityType.swift */; };
		04C7FA311E88E67800A2671C /* Instructor.swift in Sources */ = {isa = PBXBuildFile; fileRef = 04C7FA261E88E67800A2671C /* Instructor.swift */; };
		04C7FA321E88E67800A2671C /* Issue.swift in Sources */ = {isa = PBXBuildFile; fileRef = 04C7FA271E88E67800A2671C /* Issue.swift */; };
		04C7FA331E88E67800A2671C /* IssueStatus.swift in Sources */ = {isa = PBXBuildFile; fileRef = 04C7FA281E88E67800A2671C /* IssueStatus.swift */; };
		04C7FA341E88E67800A2671C /* Relationship.swift in Sources */ = {isa = PBXBuildFile; fileRef = 04C7FA291E88E67800A2671C /* Relationship.swift */; };
		04C7FA351E88E67800A2671C /* Student.swift in Sources */ = {isa = PBXBuildFile; fileRef = 04C7FA2A1E88E67800A2671C /* Student.swift */; };
		04C7FA361E88E67800A2671C /* User.swift in Sources */ = {isa = PBXBuildFile; fileRef = 04C7FA2B1E88E67800A2671C /* User.swift */; };
		04C7FA371E88E67800A2671C /* UserReferences.swift in Sources */ = {isa = PBXBuildFile; fileRef = 04C7FA2C1E88E67800A2671C /* UserReferences.swift */; };
		04C7FA381E88E67800A2671C /* PostParameter.swift in Sources */ = {isa = PBXBuildFile; fileRef = 04C7FA2D1E88E67800A2671C /* PostParameter.swift */; };
		04C7FA3A1E88E68A00A2671C /* FirServices.swift in Sources */ = {isa = PBXBuildFile; fileRef = 04C7FA391E88E68A00A2671C /* FirServices.swift */; };
		04C7FA3C1E88E69200A2671C /* Constants.swift in Sources */ = {isa = PBXBuildFile; fileRef = 04C7FA3B1E88E69200A2671C /* Constants.swift */; };
		0E2530681E8B95F7007B7CB0 /* SettingViewController.swift in Sources */ = {isa = PBXBuildFile; fileRef = 0E2530671E8B95F7007B7CB0 /* SettingViewController.swift */; };
		0E25306A1E8B963D007B7CB0 /* HomeViewController.swift in Sources */ = {isa = PBXBuildFile; fileRef = 0E2530691E8B963D007B7CB0 /* HomeViewController.swift */; };
		0E25306C1E8B964D007B7CB0 /* NotificationsViewController.swift in Sources */ = {isa = PBXBuildFile; fileRef = 0E25306B1E8B964D007B7CB0 /* NotificationsViewController.swift */; };
		0E2530711E8B9701007B7CB0 /* Main.storyboard in Resources */ = {isa = PBXBuildFile; fileRef = 0E25306F1E8B9701007B7CB0 /* Main.storyboard */; };
		0E2530731E8B97E0007B7CB0 /* Extentions.swift in Sources */ = {isa = PBXBuildFile; fileRef = 0E2530721E8B97E0007B7CB0 /* Extentions.swift */; };
		0E2530751E8B9B5D007B7CB0 /* NavigationViewController.swift in Sources */ = {isa = PBXBuildFile; fileRef = 0E2530741E8B9B5D007B7CB0 /* NavigationViewController.swift */; };
		F56634501E88C65E00C580C3 /* AppDelegate.swift in Sources */ = {isa = PBXBuildFile; fileRef = F566344F1E88C65E00C580C3 /* AppDelegate.swift */; };
		F56634521E88C65E00C580C3 /* ViewController.swift in Sources */ = {isa = PBXBuildFile; fileRef = F56634511E88C65E00C580C3 /* ViewController.swift */; };
		F56634581E88C65E00C580C3 /* mFIR_IOS_USE_COREDATA.xcdatamodeld in Sources */ = {isa = PBXBuildFile; fileRef = F56634561E88C65E00C580C3 /* mFIR_IOS_USE_COREDATA.xcdatamodeld */; };
		F566345A1E88C65E00C580C3 /* Assets.xcassets in Resources */ = {isa = PBXBuildFile; fileRef = F56634591E88C65E00C580C3 /* Assets.xcassets */; };
		F566345D1E88C65E00C580C3 /* LaunchScreen.storyboard in Resources */ = {isa = PBXBuildFile; fileRef = F566345B1E88C65E00C580C3 /* LaunchScreen.storyboard */; };
		F56634681E88C65F00C580C3 /* mFIR_IOS_USE_COREDATATests.swift in Sources */ = {isa = PBXBuildFile; fileRef = F56634671E88C65F00C580C3 /* mFIR_IOS_USE_COREDATATests.swift */; };
		F56634731E88C65F00C580C3 /* mFIR_IOS_USE_COREDATAUITests.swift in Sources */ = {isa = PBXBuildFile; fileRef = F56634721E88C65F00C580C3 /* mFIR_IOS_USE_COREDATAUITests.swift */; };
/* End PBXBuildFile section */

/* Begin PBXContainerItemProxy section */
		F56634641E88C65F00C580C3 /* PBXContainerItemProxy */ = {
			isa = PBXContainerItemProxy;
			containerPortal = F56634441E88C65E00C580C3 /* Project object */;
			proxyType = 1;
			remoteGlobalIDString = F566344B1E88C65E00C580C3;
			remoteInfo = mFIR_IOS_USE_COREDATA;
		};
		F566346F1E88C65F00C580C3 /* PBXContainerItemProxy */ = {
			isa = PBXContainerItemProxy;
			containerPortal = F56634441E88C65E00C580C3 /* Project object */;
			proxyType = 1;
			remoteGlobalIDString = F566344B1E88C65E00C580C3;
			remoteInfo = mFIR_IOS_USE_COREDATA;
		};
/* End PBXContainerItemProxy section */

/* Begin PBXFileReference section */
		040F35231E8B5F1900BF2D39 /* CheckInternet.swift */ = {isa = PBXFileReference; fileEncoding = 4; lastKnownFileType = sourcecode.swift; path = CheckInternet.swift; sourceTree = "<group>"; };
		040F35251E8B5F4B00BF2D39 /* ServicesInstance.swift */ = {isa = PBXFileReference; fileEncoding = 4; lastKnownFileType = sourcecode.swift; path = ServicesInstance.swift; sourceTree = "<group>"; };
		041F37701E896B280037940B /* FirDialog.swift */ = {isa = PBXFileReference; fileEncoding = 4; lastKnownFileType = sourcecode.swift; path = FirDialog.swift; sourceTree = "<group>"; };
		04C7FA231E88E67800A2671C /* ComponentType.swift */ = {isa = PBXFileReference; fileEncoding = 4; lastKnownFileType = sourcecode.swift; path = ComponentType.swift; sourceTree = "<group>"; };
		04C7FA241E88E67800A2671C /* Facility.swift */ = {isa = PBXFileReference; fileEncoding = 4; lastKnownFileType = sourcecode.swift; path = Facility.swift; sourceTree = "<group>"; };
		04C7FA251E88E67800A2671C /* FacilityType.swift */ = {isa = PBXFileReference; fileEncoding = 4; lastKnownFileType = sourcecode.swift; path = FacilityType.swift; sourceTree = "<group>"; };
		04C7FA261E88E67800A2671C /* Instructor.swift */ = {isa = PBXFileReference; fileEncoding = 4; lastKnownFileType = sourcecode.swift; path = Instructor.swift; sourceTree = "<group>"; };
		04C7FA271E88E67800A2671C /* Issue.swift */ = {isa = PBXFileReference; fileEncoding = 4; lastKnownFileType = sourcecode.swift; path = Issue.swift; sourceTree = "<group>"; };
		04C7FA281E88E67800A2671C /* IssueStatus.swift */ = {isa = PBXFileReference; fileEncoding = 4; lastKnownFileType = sourcecode.swift; path = IssueStatus.swift; sourceTree = "<group>"; };
		04C7FA291E88E67800A2671C /* Relationship.swift */ = {isa = PBXFileReference; fileEncoding = 4; lastKnownFileType = sourcecode.swift; path = Relationship.swift; sourceTree = "<group>"; };
		04C7FA2A1E88E67800A2671C /* Student.swift */ = {isa = PBXFileReference; fileEncoding = 4; lastKnownFileType = sourcecode.swift; path = Student.swift; sourceTree = "<group>"; };
		04C7FA2B1E88E67800A2671C /* User.swift */ = {isa = PBXFileReference; fileEncoding = 4; lastKnownFileType = sourcecode.swift; path = User.swift; sourceTree = "<group>"; };
		04C7FA2C1E88E67800A2671C /* UserReferences.swift */ = {isa = PBXFileReference; fileEncoding = 4; lastKnownFileType = sourcecode.swift; path = UserReferences.swift; sourceTree = "<group>"; };
		04C7FA2D1E88E67800A2671C /* PostParameter.swift */ = {isa = PBXFileReference; fileEncoding = 4; lastKnownFileType = sourcecode.swift; path = PostParameter.swift; sourceTree = "<group>"; };
		04C7FA391E88E68A00A2671C /* FirServices.swift */ = {isa = PBXFileReference; fileEncoding = 4; lastKnownFileType = sourcecode.swift; path = FirServices.swift; sourceTree = "<group>"; };
		04C7FA3B1E88E69200A2671C /* Constants.swift */ = {isa = PBXFileReference; fileEncoding = 4; lastKnownFileType = sourcecode.swift; path = Constants.swift; sourceTree = "<group>"; };
		0E2530671E8B95F7007B7CB0 /* SettingViewController.swift */ = {isa = PBXFileReference; fileEncoding = 4; lastKnownFileType = sourcecode.swift; path = SettingViewController.swift; sourceTree = "<group>"; };
		0E2530691E8B963D007B7CB0 /* HomeViewController.swift */ = {isa = PBXFileReference; fileEncoding = 4; lastKnownFileType = sourcecode.swift; path = HomeViewController.swift; sourceTree = "<group>"; };
		0E25306B1E8B964D007B7CB0 /* NotificationsViewController.swift */ = {isa = PBXFileReference; fileEncoding = 4; lastKnownFileType = sourcecode.swift; path = NotificationsViewController.swift; sourceTree = "<group>"; };
		0E2530701E8B9701007B7CB0 /* Base */ = {isa = PBXFileReference; lastKnownFileType = file.storyboard; name = Base; path = ../../../git/mFIR_IOS_USE_COREDATA/mFIR_IOS_USE_COREDATA/Base.lproj/Main.storyboard; sourceTree = "<group>"; };
		0E2530721E8B97E0007B7CB0 /* Extentions.swift */ = {isa = PBXFileReference; fileEncoding = 4; lastKnownFileType = sourcecode.swift; path = Extentions.swift; sourceTree = "<group>"; };
		0E2530741E8B9B5D007B7CB0 /* NavigationViewController.swift */ = {isa = PBXFileReference; fileEncoding = 4; lastKnownFileType = sourcecode.swift; path = NavigationViewController.swift; sourceTree = "<group>"; };
		F566344C1E88C65E00C580C3 /* mFIR_IOS_USE_COREDATA.app */ = {isa = PBXFileReference; explicitFileType = wrapper.application; includeInIndex = 0; path = mFIR_IOS_USE_COREDATA.app; sourceTree = BUILT_PRODUCTS_DIR; };
		F566344F1E88C65E00C580C3 /* AppDelegate.swift */ = {isa = PBXFileReference; lastKnownFileType = sourcecode.swift; path = AppDelegate.swift; sourceTree = "<group>"; };
		F56634511E88C65E00C580C3 /* ViewController.swift */ = {isa = PBXFileReference; lastKnownFileType = sourcecode.swift; path = ViewController.swift; sourceTree = "<group>"; };
		F56634571E88C65E00C580C3 /* mFIR_IOS_USE_COREDATA.xcdatamodel */ = {isa = PBXFileReference; lastKnownFileType = wrapper.xcdatamodel; path = mFIR_IOS_USE_COREDATA.xcdatamodel; sourceTree = "<group>"; };
		F56634591E88C65E00C580C3 /* Assets.xcassets */ = {isa = PBXFileReference; lastKnownFileType = folder.assetcatalog; path = Assets.xcassets; sourceTree = "<group>"; };
		F566345C1E88C65E00C580C3 /* Base */ = {isa = PBXFileReference; lastKnownFileType = file.storyboard; name = Base; path = Base.lproj/LaunchScreen.storyboard; sourceTree = "<group>"; };
		F566345E1E88C65E00C580C3 /* Info.plist */ = {isa = PBXFileReference; lastKnownFileType = text.plist.xml; path = Info.plist; sourceTree = "<group>"; };
		F56634631E88C65F00C580C3 /* mFIR_IOS_USE_COREDATATests.xctest */ = {isa = PBXFileReference; explicitFileType = wrapper.cfbundle; includeInIndex = 0; path = mFIR_IOS_USE_COREDATATests.xctest; sourceTree = BUILT_PRODUCTS_DIR; };
		F56634671E88C65F00C580C3 /* mFIR_IOS_USE_COREDATATests.swift */ = {isa = PBXFileReference; lastKnownFileType = sourcecode.swift; path = mFIR_IOS_USE_COREDATATests.swift; sourceTree = "<group>"; };
		F56634691E88C65F00C580C3 /* Info.plist */ = {isa = PBXFileReference; lastKnownFileType = text.plist.xml; path = Info.plist; sourceTree = "<group>"; };
		F566346E1E88C65F00C580C3 /* mFIR_IOS_USE_COREDATAUITests.xctest */ = {isa = PBXFileReference; explicitFileType = wrapper.cfbundle; includeInIndex = 0; path = mFIR_IOS_USE_COREDATAUITests.xctest; sourceTree = BUILT_PRODUCTS_DIR; };
		F56634721E88C65F00C580C3 /* mFIR_IOS_USE_COREDATAUITests.swift */ = {isa = PBXFileReference; lastKnownFileType = sourcecode.swift; path = mFIR_IOS_USE_COREDATAUITests.swift; sourceTree = "<group>"; };
		F56634741E88C65F00C580C3 /* Info.plist */ = {isa = PBXFileReference; lastKnownFileType = text.plist.xml; path = Info.plist; sourceTree = "<group>"; };
/* End PBXFileReference section */

/* Begin PBXFrameworksBuildPhase section */
		F56634491E88C65E00C580C3 /* Frameworks */ = {
			isa = PBXFrameworksBuildPhase;
			buildActionMask = 2147483647;
			files = (
			);
			runOnlyForDeploymentPostprocessing = 0;
		};
		F56634601E88C65F00C580C3 /* Frameworks */ = {
			isa = PBXFrameworksBuildPhase;
			buildActionMask = 2147483647;
			files = (
			);
			runOnlyForDeploymentPostprocessing = 0;
		};
		F566346B1E88C65F00C580C3 /* Frameworks */ = {
			isa = PBXFrameworksBuildPhase;
			buildActionMask = 2147483647;
			files = (
			);
			runOnlyForDeploymentPostprocessing = 0;
		};
/* End PBXFrameworksBuildPhase section */

/* Begin PBXGroup section */
		04C7FA1C1E88E5CF00A2671C /* view */ = {
			isa = PBXGroup;
			children = (
				0E2530941E8BD4AF007B7CB0 /* Home */,
				0E2530971E8BD4E7007B7CB0 /* Notifications */,
				0E2530961E8BD4E0007B7CB0 /* Setting */,
				F56634511E88C65E00C580C3 /* ViewController.swift */,
				0E2530721E8B97E0007B7CB0 /* Extentions.swift */,
				0E2530741E8B9B5D007B7CB0 /* NavigationViewController.swift */,
			);
			name = view;
			sourceTree = "<group>";
		};
		04C7FA1F1E88E5E000A2671C /* connection */ = {
			isa = PBXGroup;
			children = (
				04C7FA391E88E68A00A2671C /* FirServices.swift */,
				040F35251E8B5F4B00BF2D39 /* ServicesInstance.swift */,
			);
			name = connection;
			sourceTree = "<group>";
		};
		04C7FA201E88E5EB00A2671C /* model */ = {
			isa = PBXGroup;
			children = (
				04C7FA231E88E67800A2671C /* ComponentType.swift */,
				04C7FA241E88E67800A2671C /* Facility.swift */,
				04C7FA251E88E67800A2671C /* FacilityType.swift */,
				04C7FA261E88E67800A2671C /* Instructor.swift */,
				04C7FA271E88E67800A2671C /* Issue.swift */,
				04C7FA281E88E67800A2671C /* IssueStatus.swift */,
				04C7FA291E88E67800A2671C /* Relationship.swift */,
				04C7FA2A1E88E67800A2671C /* Student.swift */,
				04C7FA2B1E88E67800A2671C /* User.swift */,
				04C7FA2D1E88E67800A2671C /* PostParameter.swift */,
			);
			name = model;
			sourceTree = "<group>";
		};
		04C7FA211E88E5F200A2671C /* constants */ = {
			isa = PBXGroup;
			children = (
				04C7FA3B1E88E69200A2671C /* Constants.swift */,
			);
			name = constants;
			sourceTree = "<group>";
		};
		04C7FA221E88E60900A2671C /* untils */ = {
			isa = PBXGroup;
			children = (
				04C7FA2C1E88E67800A2671C /* UserReferences.swift */,
				041F37701E896B280037940B /* FirDialog.swift */,
				040F35231E8B5F1900BF2D39 /* CheckInternet.swift */,
			);
			name = untils;
			sourceTree = "<group>";
		};
		0E2530941E8BD4AF007B7CB0 /* Home */ = {
			isa = PBXGroup;
			children = (
				0E2530691E8B963D007B7CB0 /* HomeViewController.swift */,
			);
			name = Home;
			sourceTree = "<group>";
		};
		0E2530961E8BD4E0007B7CB0 /* Setting */ = {
			isa = PBXGroup;
			children = (
				0E2530671E8B95F7007B7CB0 /* SettingViewController.swift */,
			);
			name = Setting;
			sourceTree = "<group>";
		};
		0E2530971E8BD4E7007B7CB0 /* Notifications */ = {
			isa = PBXGroup;
			children = (
				0E25306B1E8B964D007B7CB0 /* NotificationsViewController.swift */,
			);
			name = Notifications;
			sourceTree = "<group>";
		};
		F56634431E88C65E00C580C3 = {
			isa = PBXGroup;
			children = (
				F566344E1E88C65E00C580C3 /* mFIR_IOS_USE_COREDATA */,
				F56634661E88C65F00C580C3 /* mFIR_IOS_USE_COREDATATests */,
				F56634711E88C65F00C580C3 /* mFIR_IOS_USE_COREDATAUITests */,
				F566344D1E88C65E00C580C3 /* Products */,
			);
			sourceTree = "<group>";
		};
		F566344D1E88C65E00C580C3 /* Products */ = {
			isa = PBXGroup;
			children = (
				F566344C1E88C65E00C580C3 /* mFIR_IOS_USE_COREDATA.app */,
				F56634631E88C65F00C580C3 /* mFIR_IOS_USE_COREDATATests.xctest */,
				F566346E1E88C65F00C580C3 /* mFIR_IOS_USE_COREDATAUITests.xctest */,
			);
			name = Products;
			sourceTree = "<group>";
		};
		F566344E1E88C65E00C580C3 /* mFIR_IOS_USE_COREDATA */ = {
			isa = PBXGroup;
			children = (
				04C7FA221E88E60900A2671C /* untils */,
				04C7FA211E88E5F200A2671C /* constants */,
				04C7FA201E88E5EB00A2671C /* model */,
				04C7FA1F1E88E5E000A2671C /* connection */,
				04C7FA1C1E88E5CF00A2671C /* view */,
				F566344F1E88C65E00C580C3 /* AppDelegate.swift */,
				F56634591E88C65E00C580C3 /* Assets.xcassets */,
				0E25306F1E8B9701007B7CB0 /* Main.storyboard */,
				F566345B1E88C65E00C580C3 /* LaunchScreen.storyboard */,
				F566345E1E88C65E00C580C3 /* Info.plist */,
				F56634561E88C65E00C580C3 /* mFIR_IOS_USE_COREDATA.xcdatamodeld */,
			);
			path = mFIR_IOS_USE_COREDATA;
			sourceTree = "<group>";
		};
		F56634661E88C65F00C580C3 /* mFIR_IOS_USE_COREDATATests */ = {
			isa = PBXGroup;
			children = (
				F56634671E88C65F00C580C3 /* mFIR_IOS_USE_COREDATATests.swift */,
				F56634691E88C65F00C580C3 /* Info.plist */,
			);
			path = mFIR_IOS_USE_COREDATATests;
			sourceTree = "<group>";
		};
		F56634711E88C65F00C580C3 /* mFIR_IOS_USE_COREDATAUITests */ = {
			isa = PBXGroup;
			children = (
				F56634721E88C65F00C580C3 /* mFIR_IOS_USE_COREDATAUITests.swift */,
				F56634741E88C65F00C580C3 /* Info.plist */,
			);
			path = mFIR_IOS_USE_COREDATAUITests;
			sourceTree = "<group>";
		};
/* End PBXGroup section */

/* Begin PBXNativeTarget section */
		F566344B1E88C65E00C580C3 /* mFIR_IOS_USE_COREDATA */ = {
			isa = PBXNativeTarget;
			buildConfigurationList = F56634771E88C65F00C580C3 /* Build configuration list for PBXNativeTarget "mFIR_IOS_USE_COREDATA" */;
			buildPhases = (
				F56634481E88C65E00C580C3 /* Sources */,
				F56634491E88C65E00C580C3 /* Frameworks */,
				F566344A1E88C65E00C580C3 /* Resources */,
			);
			buildRules = (
			);
			dependencies = (
			);
			name = mFIR_IOS_USE_COREDATA;
			productName = mFIR_IOS_USE_COREDATA;
			productReference = F566344C1E88C65E00C580C3 /* mFIR_IOS_USE_COREDATA.app */;
			productType = "com.apple.product-type.application";
		};
		F56634621E88C65F00C580C3 /* mFIR_IOS_USE_COREDATATests */ = {
			isa = PBXNativeTarget;
			buildConfigurationList = F566347A1E88C65F00C580C3 /* Build configuration list for PBXNativeTarget "mFIR_IOS_USE_COREDATATests" */;
			buildPhases = (
				F566345F1E88C65F00C580C3 /* Sources */,
				F56634601E88C65F00C580C3 /* Frameworks */,
				F56634611E88C65F00C580C3 /* Resources */,
			);
			buildRules = (
			);
			dependencies = (
				F56634651E88C65F00C580C3 /* PBXTargetDependency */,
			);
			name = mFIR_IOS_USE_COREDATATests;
			productName = mFIR_IOS_USE_COREDATATests;
			productReference = F56634631E88C65F00C580C3 /* mFIR_IOS_USE_COREDATATests.xctest */;
			productType = "com.apple.product-type.bundle.unit-test";
		};
		F566346D1E88C65F00C580C3 /* mFIR_IOS_USE_COREDATAUITests */ = {
			isa = PBXNativeTarget;
			buildConfigurationList = F566347D1E88C65F00C580C3 /* Build configuration list for PBXNativeTarget "mFIR_IOS_USE_COREDATAUITests" */;
			buildPhases = (
				F566346A1E88C65F00C580C3 /* Sources */,
				F566346B1E88C65F00C580C3 /* Frameworks */,
				F566346C1E88C65F00C580C3 /* Resources */,
			);
			buildRules = (
			);
			dependencies = (
				F56634701E88C65F00C580C3 /* PBXTargetDependency */,
			);
			name = mFIR_IOS_USE_COREDATAUITests;
			productName = mFIR_IOS_USE_COREDATAUITests;
			productReference = F566346E1E88C65F00C580C3 /* mFIR_IOS_USE_COREDATAUITests.xctest */;
			productType = "com.apple.product-type.bundle.ui-testing";
		};
/* End PBXNativeTarget section */

/* Begin PBXProject section */
		F56634441E88C65E00C580C3 /* Project object */ = {
			isa = PBXProject;
			attributes = {
				LastSwiftUpdateCheck = 0820;
				LastUpgradeCheck = 0820;
				ORGANIZATIONNAME = poscantho;
				TargetAttributes = {
					F566344B1E88C65E00C580C3 = {
						CreatedOnToolsVersion = 8.2.1;
						ProvisioningStyle = Automatic;
					};
					F56634621E88C65F00C580C3 = {
						CreatedOnToolsVersion = 8.2.1;
						DevelopmentTeam = W98345Q484;
						ProvisioningStyle = Automatic;
						TestTargetID = F566344B1E88C65E00C580C3;
					};
					F566346D1E88C65F00C580C3 = {
						CreatedOnToolsVersion = 8.2.1;
						DevelopmentTeam = W98345Q484;
						ProvisioningStyle = Automatic;
						TestTargetID = F566344B1E88C65E00C580C3;
					};
				};
			};
			buildConfigurationList = F56634471E88C65E00C580C3 /* Build configuration list for PBXProject "mFIR_IOS_USE_COREDATA" */;
			compatibilityVersion = "Xcode 3.2";
			developmentRegion = English;
			hasScannedForEncodings = 0;
			knownRegions = (
				en,
				Base,
			);
			mainGroup = F56634431E88C65E00C580C3;
			productRefGroup = F566344D1E88C65E00C580C3 /* Products */;
			projectDirPath = "";
			projectRoot = "";
			targets = (
				F566344B1E88C65E00C580C3 /* mFIR_IOS_USE_COREDATA */,
				F56634621E88C65F00C580C3 /* mFIR_IOS_USE_COREDATATests */,
				F566346D1E88C65F00C580C3 /* mFIR_IOS_USE_COREDATAUITests */,
			);
		};
/* End PBXProject section */

/* Begin PBXResourcesBuildPhase section */
		F566344A1E88C65E00C580C3 /* Resources */ = {
			isa = PBXResourcesBuildPhase;
			buildActionMask = 2147483647;
			files = (
				0E2530711E8B9701007B7CB0 /* Main.storyboard in Resources */,
				F566345D1E88C65E00C580C3 /* LaunchScreen.storyboard in Resources */,
				F566345A1E88C65E00C580C3 /* Assets.xcassets in Resources */,
			);
			runOnlyForDeploymentPostprocessing = 0;
		};
		F56634611E88C65F00C580C3 /* Resources */ = {
			isa = PBXResourcesBuildPhase;
			buildActionMask = 2147483647;
			files = (
			);
			runOnlyForDeploymentPostprocessing = 0;
		};
		F566346C1E88C65F00C580C3 /* Resources */ = {
			isa = PBXResourcesBuildPhase;
			buildActionMask = 2147483647;
			files = (
			);
			runOnlyForDeploymentPostprocessing = 0;
		};
/* End PBXResourcesBuildPhase section */

/* Begin PBXSourcesBuildPhase section */
		F56634481E88C65E00C580C3 /* Sources */ = {
			isa = PBXSourcesBuildPhase;
			buildActionMask = 2147483647;
			files = (
				0E2530751E8B9B5D007B7CB0 /* NavigationViewController.swift in Sources */,
				F56634521E88C65E00C580C3 /* ViewController.swift in Sources */,
				040F35241E8B5F1900BF2D39 /* CheckInternet.swift in Sources */,
				F56634501E88C65E00C580C3 /* AppDelegate.swift in Sources */,
				04C7FA301E88E67800A2671C /* FacilityType.swift in Sources */,
				041F37711E896B280037940B /* FirDialog.swift in Sources */,
				0E25306A1E8B963D007B7CB0 /* HomeViewController.swift in Sources */,
				04C7FA371E88E67800A2671C /* UserReferences.swift in Sources */,
				04C7FA3A1E88E68A00A2671C /* FirServices.swift in Sources */,
				04C7FA351E88E67800A2671C /* Student.swift in Sources */,
				04C7FA2F1E88E67800A2671C /* Facility.swift in Sources */,
				04C7FA3C1E88E69200A2671C /* Constants.swift in Sources */,
				04C7FA331E88E67800A2671C /* IssueStatus.swift in Sources */,
				04C7FA381E88E67800A2671C /* PostParameter.swift in Sources */,
				04C7FA341E88E67800A2671C /* Relationship.swift in Sources */,
				F56634581E88C65E00C580C3 /* mFIR_IOS_USE_COREDATA.xcdatamodeld in Sources */,
				04C7FA361E88E67800A2671C /* User.swift in Sources */,
				0E2530681E8B95F7007B7CB0 /* SettingViewController.swift in Sources */,
				040F35261E8B5F4B00BF2D39 /* ServicesInstance.swift in Sources */,
				04C7FA2E1E88E67800A2671C /* ComponentType.swift in Sources */,
				0E2530731E8B97E0007B7CB0 /* Extentions.swift in Sources */,
				0E25306C1E8B964D007B7CB0 /* NotificationsViewController.swift in Sources */,
				04C7FA311E88E67800A2671C /* Instructor.swift in Sources */,
				04C7FA321E88E67800A2671C /* Issue.swift in Sources */,
			);
			runOnlyForDeploymentPostprocessing = 0;
		};
		F566345F1E88C65F00C580C3 /* Sources */ = {
			isa = PBXSourcesBuildPhase;
			buildActionMask = 2147483647;
			files = (
				F56634681E88C65F00C580C3 /* mFIR_IOS_USE_COREDATATests.swift in Sources */,
			);
			runOnlyForDeploymentPostprocessing = 0;
		};
		F566346A1E88C65F00C580C3 /* Sources */ = {
			isa = PBXSourcesBuildPhase;
			buildActionMask = 2147483647;
			files = (
				F56634731E88C65F00C580C3 /* mFIR_IOS_USE_COREDATAUITests.swift in Sources */,
			);
			runOnlyForDeploymentPostprocessing = 0;
		};
/* End PBXSourcesBuildPhase section */

/* Begin PBXTargetDependency section */
		F56634651E88C65F00C580C3 /* PBXTargetDependency */ = {
			isa = PBXTargetDependency;
			target = F566344B1E88C65E00C580C3 /* mFIR_IOS_USE_COREDATA */;
			targetProxy = F56634641E88C65F00C580C3 /* PBXContainerItemProxy */;
		};
		F56634701E88C65F00C580C3 /* PBXTargetDependency */ = {
			isa = PBXTargetDependency;
			target = F566344B1E88C65E00C580C3 /* mFIR_IOS_USE_COREDATA */;
			targetProxy = F566346F1E88C65F00C580C3 /* PBXContainerItemProxy */;
		};
/* End PBXTargetDependency section */

/* Begin PBXVariantGroup section */
		0E25306F1E8B9701007B7CB0 /* Main.storyboard */ = {
			isa = PBXVariantGroup;
			children = (
				0E2530701E8B9701007B7CB0 /* Base */,
			);
			name = Main.storyboard;
			sourceTree = "<group>";
		};
		F566345B1E88C65E00C580C3 /* LaunchScreen.storyboard */ = {
			isa = PBXVariantGroup;
			children = (
				F566345C1E88C65E00C580C3 /* Base */,
			);
			name = LaunchScreen.storyboard;
			sourceTree = "<group>";
		};
/* End PBXVariantGroup section */

/* Begin XCBuildConfiguration section */
		F56634751E88C65F00C580C3 /* Debug */ = {
			isa = XCBuildConfiguration;
			buildSettings = {
				ALWAYS_SEARCH_USER_PATHS = NO;
				CLANG_ANALYZER_NONNULL = YES;
				CLANG_CXX_LANGUAGE_STANDARD = "gnu++0x";
				CLANG_CXX_LIBRARY = "libc++";
				CLANG_ENABLE_MODULES = YES;
				CLANG_ENABLE_OBJC_ARC = YES;
				CLANG_WARN_BOOL_CONVERSION = YES;
				CLANG_WARN_CONSTANT_CONVERSION = YES;
				CLANG_WARN_DIRECT_OBJC_ISA_USAGE = YES_ERROR;
				CLANG_WARN_DOCUMENTATION_COMMENTS = YES;
				CLANG_WARN_EMPTY_BODY = YES;
				CLANG_WARN_ENUM_CONVERSION = YES;
				CLANG_WARN_INFINITE_RECURSION = YES;
				CLANG_WARN_INT_CONVERSION = YES;
				CLANG_WARN_OBJC_ROOT_CLASS = YES_ERROR;
				CLANG_WARN_SUSPICIOUS_MOVE = YES;
				CLANG_WARN_UNREACHABLE_CODE = YES;
				CLANG_WARN__DUPLICATE_METHOD_MATCH = YES;
				"CODE_SIGN_IDENTITY[sdk=iphoneos*]" = "iPhone Developer";
				COPY_PHASE_STRIP = NO;
				DEBUG_INFORMATION_FORMAT = dwarf;
				ENABLE_STRICT_OBJC_MSGSEND = YES;
				ENABLE_TESTABILITY = YES;
				GCC_C_LANGUAGE_STANDARD = gnu99;
				GCC_DYNAMIC_NO_PIC = NO;
				GCC_NO_COMMON_BLOCKS = YES;
				GCC_OPTIMIZATION_LEVEL = 0;
				GCC_PREPROCESSOR_DEFINITIONS = (
					"DEBUG=1",
					"$(inherited)",
				);
				GCC_WARN_64_TO_32_BIT_CONVERSION = YES;
				GCC_WARN_ABOUT_RETURN_TYPE = YES_ERROR;
				GCC_WARN_UNDECLARED_SELECTOR = YES;
				GCC_WARN_UNINITIALIZED_AUTOS = YES_AGGRESSIVE;
				GCC_WARN_UNUSED_FUNCTION = YES;
				GCC_WARN_UNUSED_VARIABLE = YES;
				IPHONEOS_DEPLOYMENT_TARGET = 10.2;
				MTL_ENABLE_DEBUG_INFO = YES;
				ONLY_ACTIVE_ARCH = YES;
				SDKROOT = iphoneos;
				SWIFT_ACTIVE_COMPILATION_CONDITIONS = DEBUG;
				SWIFT_OPTIMIZATION_LEVEL = "-Onone";
			};
			name = Debug;
		};
		F56634761E88C65F00C580C3 /* Release */ = {
			isa = XCBuildConfiguration;
			buildSettings = {
				ALWAYS_SEARCH_USER_PATHS = NO;
				CLANG_ANALYZER_NONNULL = YES;
				CLANG_CXX_LANGUAGE_STANDARD = "gnu++0x";
				CLANG_CXX_LIBRARY = "libc++";
				CLANG_ENABLE_MODULES = YES;
				CLANG_ENABLE_OBJC_ARC = YES;
				CLANG_WARN_BOOL_CONVERSION = YES;
				CLANG_WARN_CONSTANT_CONVERSION = YES;
				CLANG_WARN_DIRECT_OBJC_ISA_USAGE = YES_ERROR;
				CLANG_WARN_DOCUMENTATION_COMMENTS = YES;
				CLANG_WARN_EMPTY_BODY = YES;
				CLANG_WARN_ENUM_CONVERSION = YES;
				CLANG_WARN_INFINITE_RECURSION = YES;
				CLANG_WARN_INT_CONVERSION = YES;
				CLANG_WARN_OBJC_ROOT_CLASS = YES_ERROR;
				CLANG_WARN_SUSPICIOUS_MOVE = YES;
				CLANG_WARN_UNREACHABLE_CODE = YES;
				CLANG_WARN__DUPLICATE_METHOD_MATCH = YES;
				"CODE_SIGN_IDENTITY[sdk=iphoneos*]" = "iPhone Developer";
				COPY_PHASE_STRIP = NO;
				DEBUG_INFORMATION_FORMAT = "dwarf-with-dsym";
				ENABLE_NS_ASSERTIONS = NO;
				ENABLE_STRICT_OBJC_MSGSEND = YES;
				GCC_C_LANGUAGE_STANDARD = gnu99;
				GCC_NO_COMMON_BLOCKS = YES;
				GCC_WARN_64_TO_32_BIT_CONVERSION = YES;
				GCC_WARN_ABOUT_RETURN_TYPE = YES_ERROR;
				GCC_WARN_UNDECLARED_SELECTOR = YES;
				GCC_WARN_UNINITIALIZED_AUTOS = YES_AGGRESSIVE;
				GCC_WARN_UNUSED_FUNCTION = YES;
				GCC_WARN_UNUSED_VARIABLE = YES;
				IPHONEOS_DEPLOYMENT_TARGET = 10.2;
				MTL_ENABLE_DEBUG_INFO = NO;
				SDKROOT = iphoneos;
				SWIFT_OPTIMIZATION_LEVEL = "-Owholemodule";
				VALIDATE_PRODUCT = YES;
			};
			name = Release;
		};
		F56634781E88C65F00C580C3 /* Debug */ = {
			isa = XCBuildConfiguration;
			buildSettings = {
				ASSETCATALOG_COMPILER_APPICON_NAME = AppIcon;
				DEVELOPMENT_TEAM = "";
				INFOPLIST_FILE = mFIR_IOS_USE_COREDATA/Info.plist;
				LD_RUNPATH_SEARCH_PATHS = "$(inherited) @executable_path/Frameworks";
				PRODUCT_BUNDLE_IDENTIFIER = "poscantho.mFIR-IOS-USE-COREDATA";
				PRODUCT_NAME = "$(TARGET_NAME)";
				SWIFT_VERSION = 3.0;
			};
			name = Debug;
		};
		F56634791E88C65F00C580C3 /* Release */ = {
			isa = XCBuildConfiguration;
			buildSettings = {
				ASSETCATALOG_COMPILER_APPICON_NAME = AppIcon;
				DEVELOPMENT_TEAM = "";
				INFOPLIST_FILE = mFIR_IOS_USE_COREDATA/Info.plist;
				LD_RUNPATH_SEARCH_PATHS = "$(inherited) @executable_path/Frameworks";
				PRODUCT_BUNDLE_IDENTIFIER = "poscantho.mFIR-IOS-USE-COREDATA";
				PRODUCT_NAME = "$(TARGET_NAME)";
				SWIFT_VERSION = 3.0;
			};
			name = Release;
		};
		F566347B1E88C65F00C580C3 /* Debug */ = {
			isa = XCBuildConfiguration;
			buildSettings = {
				ALWAYS_EMBED_SWIFT_STANDARD_LIBRARIES = YES;
				BUNDLE_LOADER = "$(TEST_HOST)";
				DEVELOPMENT_TEAM = W98345Q484;
				INFOPLIST_FILE = mFIR_IOS_USE_COREDATATests/Info.plist;
				LD_RUNPATH_SEARCH_PATHS = "$(inherited) @executable_path/Frameworks @loader_path/Frameworks";
				PRODUCT_BUNDLE_IDENTIFIER = "poscantho.mFIR-IOS-USE-COREDATATests";
				PRODUCT_NAME = "$(TARGET_NAME)";
				SWIFT_VERSION = 3.0;
				TEST_HOST = "$(BUILT_PRODUCTS_DIR)/mFIR_IOS_USE_COREDATA.app/mFIR_IOS_USE_COREDATA";
			};
			name = Debug;
		};
		F566347C1E88C65F00C580C3 /* Release */ = {
			isa = XCBuildConfiguration;
			buildSettings = {
				ALWAYS_EMBED_SWIFT_STANDARD_LIBRARIES = YES;
				BUNDLE_LOADER = "$(TEST_HOST)";
				DEVELOPMENT_TEAM = W98345Q484;
				INFOPLIST_FILE = mFIR_IOS_USE_COREDATATests/Info.plist;
				LD_RUNPATH_SEARCH_PATHS = "$(inherited) @executable_path/Frameworks @loader_path/Frameworks";
				PRODUCT_BUNDLE_IDENTIFIER = "poscantho.mFIR-IOS-USE-COREDATATests";
				PRODUCT_NAME = "$(TARGET_NAME)";
				SWIFT_VERSION = 3.0;
				TEST_HOST = "$(BUILT_PRODUCTS_DIR)/mFIR_IOS_USE_COREDATA.app/mFIR_IOS_USE_COREDATA";
			};
			name = Release;
		};
		F566347E1E88C65F00C580C3 /* Debug */ = {
			isa = XCBuildConfiguration;
			buildSettings = {
				ALWAYS_EMBED_SWIFT_STANDARD_LIBRARIES = YES;
				DEVELOPMENT_TEAM = W98345Q484;
				INFOPLIST_FILE = mFIR_IOS_USE_COREDATAUITests/Info.plist;
				LD_RUNPATH_SEARCH_PATHS = "$(inherited) @executable_path/Frameworks @loader_path/Frameworks";
				PRODUCT_BUNDLE_IDENTIFIER = "poscantho.mFIR-IOS-USE-COREDATAUITests";
				PRODUCT_NAME = "$(TARGET_NAME)";
				SWIFT_VERSION = 3.0;
				TEST_TARGET_NAME = mFIR_IOS_USE_COREDATA;
			};
			name = Debug;
		};
		F566347F1E88C65F00C580C3 /* Release */ = {
			isa = XCBuildConfiguration;
			buildSettings = {
				ALWAYS_EMBED_SWIFT_STANDARD_LIBRARIES = YES;
				DEVELOPMENT_TEAM = W98345Q484;
				INFOPLIST_FILE = mFIR_IOS_USE_COREDATAUITests/Info.plist;
				LD_RUNPATH_SEARCH_PATHS = "$(inherited) @executable_path/Frameworks @loader_path/Frameworks";
				PRODUCT_BUNDLE_IDENTIFIER = "poscantho.mFIR-IOS-USE-COREDATAUITests";
				PRODUCT_NAME = "$(TARGET_NAME)";
				SWIFT_VERSION = 3.0;
				TEST_TARGET_NAME = mFIR_IOS_USE_COREDATA;
			};
			name = Release;
		};
/* End XCBuildConfiguration section */

/* Begin XCConfigurationList section */
		F56634471E88C65E00C580C3 /* Build configuration list for PBXProject "mFIR_IOS_USE_COREDATA" */ = {
			isa = XCConfigurationList;
			buildConfigurations = (
				F56634751E88C65F00C580C3 /* Debug */,
				F56634761E88C65F00C580C3 /* Release */,
			);
			defaultConfigurationIsVisible = 0;
			defaultConfigurationName = Release;
		};
		F56634771E88C65F00C580C3 /* Build configuration list for PBXNativeTarget "mFIR_IOS_USE_COREDATA" */ = {
			isa = XCConfigurationList;
			buildConfigurations = (
				F56634781E88C65F00C580C3 /* Debug */,
				F56634791E88C65F00C580C3 /* Release */,
			);
			defaultConfigurationIsVisible = 0;
			defaultConfigurationName = Release;
		};
		F566347A1E88C65F00C580C3 /* Build configuration list for PBXNativeTarget "mFIR_IOS_USE_COREDATATests" */ = {
			isa = XCConfigurationList;
			buildConfigurations = (
				F566347B1E88C65F00C580C3 /* Debug */,
				F566347C1E88C65F00C580C3 /* Release */,
			);
			defaultConfigurationIsVisible = 0;
			defaultConfigurationName = Release;
		};
		F566347D1E88C65F00C580C3 /* Build configuration list for PBXNativeTarget "mFIR_IOS_USE_COREDATAUITests" */ = {
			isa = XCConfigurationList;
			buildConfigurations = (
				F566347E1E88C65F00C580C3 /* Debug */,
				F566347F1E88C65F00C580C3 /* Release */,
			);
			defaultConfigurationIsVisible = 0;
			defaultConfigurationName = Release;
		};
/* End XCConfigurationList section */

/* Begin XCVersionGroup section */
		F56634561E88C65E00C580C3 /* mFIR_IOS_USE_COREDATA.xcdatamodeld */ = {
			isa = XCVersionGroup;
			children = (
				F56634571E88C65E00C580C3 /* mFIR_IOS_USE_COREDATA.xcdatamodel */,
			);
			currentVersion = F56634571E88C65E00C580C3 /* mFIR_IOS_USE_COREDATA.xcdatamodel */;
			path = mFIR_IOS_USE_COREDATA.xcdatamodeld;
			sourceTree = "<group>";
			versionGroupType = wrapper.xcdatamodel;
		};
/* End XCVersionGroup section */
	};
	rootObject = F56634441E88C65E00C580C3 /* Project object */;
}
